
Microsoft Visual Studio Solution File, Format Version 12.00
# Visual Studio Version 17
VisualStudioVersion = 17.1.32210.238
MinimumVisualStudioVersion = 10.0.40219.1
Project("{9A19103F-16F7-4668-BE54-9A1E7A4F7556}") = "Mozi.Server", "Mozi\Server\Mozi.Server.csproj", "{5355142D-6A18-4704-905B-0800EC0E542A}"
EndProject
Project("{9A19103F-16F7-4668-BE54-9A1E7A4F7556}") = "Mozi.Client", "Mozi\Client\Mozi.Client.csproj", "{200C3BC3-AB46-469B-8E86-5EBFE5E486D7}"
EndProject
Project("{9A19103F-16F7-4668-BE54-9A1E7A4F7556}") = "Mozi.Shared", "Mozi\Shared\Mozi.Shared.csproj", "{12F7F7EF-614E-49FB-A1A7-64ED10DC1726}"
EndProject
Global
	GlobalSection(SolutionConfigurationPlatforms) = preSolution
		Debug|Any CPU = Debug|Any CPU
		Release|Any CPU = Release|Any CPU
	EndGlobalSection
	GlobalSection(ProjectConfigurationPlatforms) = postSolution
		{5355142D-6A18-4704-905B-0800EC0E542A}.Debug|Any CPU.ActiveCfg = Debug|Any CPU
		{5355142D-6A18-4704-905B-0800EC0E542A}.Debug|Any CPU.Build.0 = Debug|Any CPU
		{5355142D-6A18-4704-905B-0800EC0E542A}.Release|Any CPU.ActiveCfg = Release|Any CPU
		{5355142D-6A18-4704-905B-0800EC0E542A}.Release|Any CPU.Build.0 = Release|Any CPU
		{200C3BC3-AB46-469B-8E86-5EBFE5E486D7}.Debug|Any CPU.ActiveCfg = Debug|Any CPU
		{200C3BC3-AB46-469B-8E86-5EBFE5E486D7}.Debug|Any CPU.Build.0 = Debug|Any CPU
		{200C3BC3-AB46-469B-8E86-5EBFE5E486D7}.Release|Any CPU.ActiveCfg = Release|Any CPU
		{200C3BC3-AB46-469B-8E86-5EBFE5E486D7}.Release|Any CPU.Build.0 = Release|Any CPU
		{12F7F7EF-614E-49FB-A1A7-64ED10DC1726}.Debug|Any CPU.ActiveCfg = Debug|Any CPU
		{12F7F7EF-614E-49FB-A1A7-64ED10DC1726}.Debug|Any CPU.Build.0 = Debug|Any CPU
		{12F7F7EF-614E-49FB-A1A7-64ED10DC1726}.Release|Any CPU.ActiveCfg = Release|Any CPU
		{12F7F7EF-614E-49FB-A1A7-64ED10DC1726}.Release|Any CPU.Build.0 = Release|Any CPU
	EndGlobalSection
	GlobalSection(SolutionProperties) = preSolution
		HideSolutionNode = FALSE
	EndGlobalSection
	GlobalSection(ExtensibilityGlobals) = postSolution
		SolutionGuid = {1436CCD8-D29A-4F22-AAA6-32B2DEF24603}
	EndGlobalSection
EndGlobal
