
Microsoft Visual Studio Solution File, Format Version 12.00
# Visual Studio Version 17
VisualStudioVersion = 17.1.32210.238
MinimumVisualStudioVersion = 10.0.40219.1
Project("{FAE04EC0-301F-11D3-BF4B-00C04F79EFBC}") = "OnLab.Server", "OnLab\Server\OnLab.Server.csproj", "{3E07E747-5B5B-499B-B4C4-4D51D8E717BF}"
EndProject
Project("{FAE04EC0-301F-11D3-BF4B-00C04F79EFBC}") = "OnLab.Client", "OnLab\Client\OnLab.Client.csproj", "{09522711-2EFD-444E-9D7B-17DC2AEE8AAE}"
EndProject
Project("{FAE04EC0-301F-11D3-BF4B-00C04F79EFBC}") = "OnLab.Shared", "OnLab\Shared\OnLab.Shared.csproj", "{13FE887F-03A1-49CF-85DA-89871C7C52F2}"
EndProject
Global
	GlobalSection(SolutionConfigurationPlatforms) = preSolution
		Debug|Any CPU = Debug|Any CPU
		Release|Any CPU = Release|Any CPU
	EndGlobalSection
	GlobalSection(ProjectConfigurationPlatforms) = postSolution
		{3E07E747-5B5B-499B-B4C4-4D51D8E717BF}.Debug|Any CPU.ActiveCfg = Debug|Any CPU
		{3E07E747-5B5B-499B-B4C4-4D51D8E717BF}.Debug|Any CPU.Build.0 = Debug|Any CPU
		{3E07E747-5B5B-499B-B4C4-4D51D8E717BF}.Release|Any CPU.ActiveCfg = Release|Any CPU
		{3E07E747-5B5B-499B-B4C4-4D51D8E717BF}.Release|Any CPU.Build.0 = Release|Any CPU
		{09522711-2EFD-444E-9D7B-17DC2AEE8AAE}.Debug|Any CPU.ActiveCfg = Debug|Any CPU
		{09522711-2EFD-444E-9D7B-17DC2AEE8AAE}.Debug|Any CPU.Build.0 = Debug|Any CPU
		{09522711-2EFD-444E-9D7B-17DC2AEE8AAE}.Release|Any CPU.ActiveCfg = Release|Any CPU
		{09522711-2EFD-444E-9D7B-17DC2AEE8AAE}.Release|Any CPU.Build.0 = Release|Any CPU
		{13FE887F-03A1-49CF-85DA-89871C7C52F2}.Debug|Any CPU.ActiveCfg = Debug|Any CPU
		{13FE887F-03A1-49CF-85DA-89871C7C52F2}.Debug|Any CPU.Build.0 = Debug|Any CPU
		{13FE887F-03A1-49CF-85DA-89871C7C52F2}.Release|Any CPU.ActiveCfg = Release|Any CPU
		{13FE887F-03A1-49CF-85DA-89871C7C52F2}.Release|Any CPU.Build.0 = Release|Any CPU
	EndGlobalSection
	GlobalSection(SolutionProperties) = preSolution
		HideSolutionNode = FALSE
	EndGlobalSection
	GlobalSection(ExtensibilityGlobals) = postSolution
		SolutionGuid = {9EC34D43-C38B-4A98-8302-90942222C976}
	EndGlobalSection
EndGlobal
